
Microsoft Visual Studio Solution File, Format Version 12.00
# Visual Studio Version 17
VisualStudioVersion = 17.13.35825.156
MinimumVisualStudioVersion = 10.0.40219.1
Project("{8BC9CEB8-8B4A-11D0-8D11-00A0C91BC942}") = "TCP_LoginServer", "TCP_Server.vcxproj", "{6C2B9A39-5920-4B3C-9F0E-7AA41F707343}"
EndProject
Project("{8BC9CEB8-8B4A-11D0-8D11-00A0C91BC942}") = "TCP_WorldServer", "..\TCP_WorldServer\TCP_WorldServer.vcxproj", "{CC784D6D-336F-4AFE-8396-FC911B237E42}"
EndProject
Project("{8BC9CEB8-8B4A-11D0-8D11-00A0C91BC942}") = "Common.DB", "..\Common.DB\Common.DB.vcxproj", "{B1271C31-1C2C-4351-B4B1-E27C7701C4BD}"
EndProject
Global
	GlobalSection(SolutionConfigurationPlatforms) = preSolution
		Debug|x64 = Debug|x64
		Debug|x86 = Debug|x86
		Release|x64 = Release|x64
		Release|x86 = Release|x86
	EndGlobalSection
	GlobalSection(ProjectConfigurationPlatforms) = postSolution
		{6C2B9A39-5920-4B3C-9F0E-7AA41F707343}.Debug|x64.ActiveCfg = Debug|x64
		{6C2B9A39-5920-4B3C-9F0E-7AA41F707343}.Debug|x64.Build.0 = Debug|x64
		{6C2B9A39-5920-4B3C-9F0E-7AA41F707343}.Debug|x86.ActiveCfg = Debug|Win32
		{6C2B9A39-5920-4B3C-9F0E-7AA41F707343}.Debug|x86.Build.0 = Debug|Win32
		{6C2B9A39-5920-4B3C-9F0E-7AA41F707343}.Release|x64.ActiveCfg = Release|x64
		{6C2B9A39-5920-4B3C-9F0E-7AA41F707343}.Release|x64.Build.0 = Release|x64
		{6C2B9A39-5920-4B3C-9F0E-7AA41F707343}.Release|x86.ActiveCfg = Release|Win32
		{6C2B9A39-5920-4B3C-9F0E-7AA41F707343}.Release|x86.Build.0 = Release|Win32
		{CC784D6D-336F-4AFE-8396-FC911B237E42}.Debug|x64.ActiveCfg = Debug|x64
		{CC784D6D-336F-4AFE-8396-FC911B237E42}.Debug|x64.Build.0 = Debug|x64
		{CC784D6D-336F-4AFE-8396-FC911B237E42}.Debug|x86.ActiveCfg = Debug|Win32
		{CC784D6D-336F-4AFE-8396-FC911B237E42}.Debug|x86.Build.0 = Debug|Win32
		{CC784D6D-336F-4AFE-8396-FC911B237E42}.Release|x64.ActiveCfg = Release|x64
		{CC784D6D-336F-4AFE-8396-FC911B237E42}.Release|x64.Build.0 = Release|x64
		{CC784D6D-336F-4AFE-8396-FC911B237E42}.Release|x86.ActiveCfg = Release|Win32
		{CC784D6D-336F-4AFE-8396-FC911B237E42}.Release|x86.Build.0 = Release|Win32
		{B1271C31-1C2C-4351-B4B1-E27C7701C4BD}.Debug|x64.ActiveCfg = Debug|x64
		{B1271C31-1C2C-4351-B4B1-E27C7701C4BD}.Debug|x64.Build.0 = Debug|x64
		{B1271C31-1C2C-4351-B4B1-E27C7701C4BD}.Debug|x86.ActiveCfg = Debug|Win32
		{B1271C31-1C2C-4351-B4B1-E27C7701C4BD}.Debug|x86.Build.0 = Debug|Win32
		{B1271C31-1C2C-4351-B4B1-E27C7701C4BD}.Release|x64.ActiveCfg = Release|x64
		{B1271C31-1C2C-4351-B4B1-E27C7701C4BD}.Release|x64.Build.0 = Release|x64
		{B1271C31-1C2C-4351-B4B1-E27C7701C4BD}.Release|x86.ActiveCfg = Release|Win32
		{B1271C31-1C2C-4351-B4B1-E27C7701C4BD}.Release|x86.Build.0 = Release|Win32
	EndGlobalSection
	GlobalSection(SolutionProperties) = preSolution
		HideSolutionNode = FALSE
	EndGlobalSection
	GlobalSection(ExtensibilityGlobals) = postSolution
		SolutionGuid = {F6C1C67F-F4B6-48A1-BC95-59279763801C}
	EndGlobalSection
EndGlobal
